
Microsoft Visual Studio Solution File, Format Version 12.00
# Visual Studio Version 16
VisualStudioVersion = 16.0.30104.148
MinimumVisualStudioVersion = 10.0.40219.1
Project("{FAE04EC0-301F-11D3-BF4B-00C04F79EFBC}") = "PracticaBD", "PracticaBD\PracticaBD.csproj", "{C7FFDE3F-07E6-47A0-AA5E-C589109636E2}"
EndProject
Project("{FAE04EC0-301F-11D3-BF4B-00C04F79EFBC}") = "BLL", "BLL\BLL.csproj", "{BC1298FF-9E85-4E57-AA73-E393A2F34008}"
EndProject
Project("{FAE04EC0-301F-11D3-BF4B-00C04F79EFBC}") = "DAL", "DAL\DAL.csproj", "{37D85624-CC04-4A7C-868F-5AA2382CD381}"
EndProject
Project("{FAE04EC0-301F-11D3-BF4B-00C04F79EFBC}") = "Entity", "Entity\Entity.csproj", "{7D397071-FD9B-4623-A2F1-7D277B24AF33}"
EndProject
Project("{FAE04EC0-301F-11D3-BF4B-00C04F79EFBC}") = "Infraestructura", "Infraestructura\Infraestructura.csproj", "{1A1A7185-2E83-4B60-B87C-D4579CF378B5}"
EndProject
Global
	GlobalSection(SolutionConfigurationPlatforms) = preSolution
		Debug|Any CPU = Debug|Any CPU
		Release|Any CPU = Release|Any CPU
	EndGlobalSection
	GlobalSection(ProjectConfigurationPlatforms) = postSolution
		{C7FFDE3F-07E6-47A0-AA5E-C589109636E2}.Debug|Any CPU.ActiveCfg = Debug|Any CPU
		{C7FFDE3F-07E6-47A0-AA5E-C589109636E2}.Debug|Any CPU.Build.0 = Debug|Any CPU
		{C7FFDE3F-07E6-47A0-AA5E-C589109636E2}.Release|Any CPU.ActiveCfg = Release|Any CPU
		{C7FFDE3F-07E6-47A0-AA5E-C589109636E2}.Release|Any CPU.Build.0 = Release|Any CPU
		{BC1298FF-9E85-4E57-AA73-E393A2F34008}.Debug|Any CPU.ActiveCfg = Debug|Any CPU
		{BC1298FF-9E85-4E57-AA73-E393A2F34008}.Debug|Any CPU.Build.0 = Debug|Any CPU
		{BC1298FF-9E85-4E57-AA73-E393A2F34008}.Release|Any CPU.ActiveCfg = Release|Any CPU
		{BC1298FF-9E85-4E57-AA73-E393A2F34008}.Release|Any CPU.Build.0 = Release|Any CPU
		{37D85624-CC04-4A7C-868F-5AA2382CD381}.Debug|Any CPU.ActiveCfg = Debug|Any CPU
		{37D85624-CC04-4A7C-868F-5AA2382CD381}.Debug|Any CPU.Build.0 = Debug|Any CPU
		{37D85624-CC04-4A7C-868F-5AA2382CD381}.Release|Any CPU.ActiveCfg = Release|Any CPU
		{37D85624-CC04-4A7C-868F-5AA2382CD381}.Release|Any CPU.Build.0 = Release|Any CPU
		{7D397071-FD9B-4623-A2F1-7D277B24AF33}.Debug|Any CPU.ActiveCfg = Debug|Any CPU
		{7D397071-FD9B-4623-A2F1-7D277B24AF33}.Debug|Any CPU.Build.0 = Debug|Any CPU
		{7D397071-FD9B-4623-A2F1-7D277B24AF33}.Release|Any CPU.ActiveCfg = Release|Any CPU
		{7D397071-FD9B-4623-A2F1-7D277B24AF33}.Release|Any CPU.Build.0 = Release|Any CPU
		{1A1A7185-2E83-4B60-B87C-D4579CF378B5}.Debug|Any CPU.ActiveCfg = Debug|Any CPU
		{1A1A7185-2E83-4B60-B87C-D4579CF378B5}.Debug|Any CPU.Build.0 = Debug|Any CPU
		{1A1A7185-2E83-4B60-B87C-D4579CF378B5}.Release|Any CPU.ActiveCfg = Release|Any CPU
		{1A1A7185-2E83-4B60-B87C-D4579CF378B5}.Release|Any CPU.Build.0 = Release|Any CPU
	EndGlobalSection
	GlobalSection(SolutionProperties) = preSolution
		HideSolutionNode = FALSE
	EndGlobalSection
	GlobalSection(ExtensibilityGlobals) = postSolution
		SolutionGuid = {1ED7C135-38D2-4A65-9D87-876D369CC061}
	EndGlobalSection
EndGlobal
